
Microsoft Visual Studio Solution File, Format Version 12.00
Project("{2150E333-8FDC-42A3-9474-1A3956D46DE8}") = "src", "src", "{1F824ED9-443D-4F61-926F-7E40BA5F0487}"
EndProject
Project("{FAE04EC0-301F-11D3-BF4B-00C04F79EFBC}") = "DomainRulesets.ConsoleApp", "src\DomainRulesets.ConsoleApp\DomainRulesets.ConsoleApp.csproj", "{F766B3B7-37E0-432C-85BE-0FB4634188A1}"
EndProject
Global
	GlobalSection(SolutionConfigurationPlatforms) = preSolution
		Debug|Any CPU = Debug|Any CPU
		Release|Any CPU = Release|Any CPU
	EndGlobalSection
	GlobalSection(NestedProjects) = preSolution
		{F766B3B7-37E0-432C-85BE-0FB4634188A1} = {1F824ED9-443D-4F61-926F-7E40BA5F0487}
	EndGlobalSection
	GlobalSection(ProjectConfigurationPlatforms) = postSolution
		{F766B3B7-37E0-432C-85BE-0FB4634188A1}.Debug|Any CPU.ActiveCfg = Debug|Any CPU
		{F766B3B7-37E0-432C-85BE-0FB4634188A1}.Debug|Any CPU.Build.0 = Debug|Any CPU
		{F766B3B7-37E0-432C-85BE-0FB4634188A1}.Release|Any CPU.ActiveCfg = Release|Any CPU
		{F766B3B7-37E0-432C-85BE-0FB4634188A1}.Release|Any CPU.Build.0 = Release|Any CPU
	EndGlobalSection
EndGlobal
